
Microsoft Visual Studio Solution File, Format Version 12.00
# Visual Studio Version 17
VisualStudioVersion = 17.2.32519.379
MinimumVisualStudioVersion = 10.0.40219.1
Project("{9A19103F-16F7-4668-BE54-9A1E7A4F7556}") = "EnercareDemo", "EnercareDemo\EnercareDemo.csproj", "{D6C71A79-FD6B-4681-A37D-6B6FA9308D24}"
EndProject
Project("{9A19103F-16F7-4668-BE54-9A1E7A4F7556}") = "AndrewAPI", "AndrewAPI\AndrewAPI.csproj", "{AC35E288-40CC-4D5A-85C8-424C63656883}"
EndProject
Project("{FAE04EC0-301F-11D3-BF4B-00C04F79EFBC}") = "EnercareDemo2", "EnercareDemo2\EnercareDemo2.csproj", "{DAD6A55E-9659-4122-BBFE-A9B4DA1D658E}"
EndProject
Global
	GlobalSection(SolutionConfigurationPlatforms) = preSolution
		Debug|Any CPU = Debug|Any CPU
		Release|Any CPU = Release|Any CPU
	EndGlobalSection
	GlobalSection(ProjectConfigurationPlatforms) = postSolution
		{D6C71A79-FD6B-4681-A37D-6B6FA9308D24}.Debug|Any CPU.ActiveCfg = Debug|Any CPU
		{D6C71A79-FD6B-4681-A37D-6B6FA9308D24}.Debug|Any CPU.Build.0 = Debug|Any CPU
		{D6C71A79-FD6B-4681-A37D-6B6FA9308D24}.Release|Any CPU.ActiveCfg = Release|Any CPU
		{D6C71A79-FD6B-4681-A37D-6B6FA9308D24}.Release|Any CPU.Build.0 = Release|Any CPU
		{AC35E288-40CC-4D5A-85C8-424C63656883}.Debug|Any CPU.ActiveCfg = Debug|Any CPU
		{AC35E288-40CC-4D5A-85C8-424C63656883}.Debug|Any CPU.Build.0 = Debug|Any CPU
		{AC35E288-40CC-4D5A-85C8-424C63656883}.Release|Any CPU.ActiveCfg = Release|Any CPU
		{AC35E288-40CC-4D5A-85C8-424C63656883}.Release|Any CPU.Build.0 = Release|Any CPU
		{DAD6A55E-9659-4122-BBFE-A9B4DA1D658E}.Debug|Any CPU.ActiveCfg = Debug|Any CPU
		{DAD6A55E-9659-4122-BBFE-A9B4DA1D658E}.Debug|Any CPU.Build.0 = Debug|Any CPU
		{DAD6A55E-9659-4122-BBFE-A9B4DA1D658E}.Release|Any CPU.ActiveCfg = Release|Any CPU
		{DAD6A55E-9659-4122-BBFE-A9B4DA1D658E}.Release|Any CPU.Build.0 = Release|Any CPU
	EndGlobalSection
	GlobalSection(SolutionProperties) = preSolution
		HideSolutionNode = FALSE
	EndGlobalSection
	GlobalSection(ExtensibilityGlobals) = postSolution
		SolutionGuid = {28829BDF-0B86-4559-B57F-E15EA54EEB73}
	EndGlobalSection
EndGlobal
